
Microsoft Visual Studio Solution File, Format Version 12.00
# Blend for Visual Studio 14
VisualStudioVersion = 14.0.24720.0
MinimumVisualStudioVersion = 10.0.40219.1
Project("{FAE04EC0-301F-11D3-BF4B-00C04F79EFBC}") = "DataAddApplication", "DataAddApplication\DataAddApplication.csproj", "{A2E808D4-6512-4942-82F4-7D37A2C169CD}"
EndProject
Project("{FAE04EC0-301F-11D3-BF4B-00C04F79EFBC}") = "NZYDadaAdd", "NZYDadaAdd\NZYDadaAdd.csproj", "{A91DDA0C-2817-4BCE-9A95-029D8D714D96}"
EndProject
Global
	GlobalSection(SolutionConfigurationPlatforms) = preSolution
		Debug|Any CPU = Debug|Any CPU
		Release|Any CPU = Release|Any CPU
	EndGlobalSection
	GlobalSection(ProjectConfigurationPlatforms) = postSolution
		{A2E808D4-6512-4942-82F4-7D37A2C169CD}.Debug|Any CPU.ActiveCfg = Debug|Any CPU
		{A2E808D4-6512-4942-82F4-7D37A2C169CD}.Debug|Any CPU.Build.0 = Debug|Any CPU
		{A2E808D4-6512-4942-82F4-7D37A2C169CD}.Release|Any CPU.ActiveCfg = Release|Any CPU
		{A2E808D4-6512-4942-82F4-7D37A2C169CD}.Release|Any CPU.Build.0 = Release|Any CPU
		{A91DDA0C-2817-4BCE-9A95-029D8D714D96}.Debug|Any CPU.ActiveCfg = Debug|Any CPU
		{A91DDA0C-2817-4BCE-9A95-029D8D714D96}.Debug|Any CPU.Build.0 = Debug|Any CPU
		{A91DDA0C-2817-4BCE-9A95-029D8D714D96}.Release|Any CPU.ActiveCfg = Release|Any CPU
		{A91DDA0C-2817-4BCE-9A95-029D8D714D96}.Release|Any CPU.Build.0 = Release|Any CPU
	EndGlobalSection
	GlobalSection(SolutionProperties) = preSolution
		HideSolutionNode = FALSE
	EndGlobalSection
EndGlobal
